
Microsoft Visual Studio Solution File, Format Version 12.00
# Visual Studio 15
VisualStudioVersion = 15.0.27428.2037
MinimumVisualStudioVersion = 10.0.40219.1
Project("{FAE04EC0-301F-11D3-BF4B-00C04F79EFBC}") = "Connected_Select", "Connected_Select\Connected_Select.csproj", "{51308B54-2055-4470-8F96-439A5A252495}"
EndProject
Project("{FAE04EC0-301F-11D3-BF4B-00C04F79EFBC}") = "Connected_Insert", "Connected_Insert\Connected_Insert.csproj", "{01F3EA5E-7936-4336-8C2A-C617DAA4C3AA}"
EndProject
Global
	GlobalSection(SolutionConfigurationPlatforms) = preSolution
		Debug|Any CPU = Debug|Any CPU
		Release|Any CPU = Release|Any CPU
	EndGlobalSection
	GlobalSection(ProjectConfigurationPlatforms) = postSolution
		{51308B54-2055-4470-8F96-439A5A252495}.Debug|Any CPU.ActiveCfg = Debug|Any CPU
		{51308B54-2055-4470-8F96-439A5A252495}.Debug|Any CPU.Build.0 = Debug|Any CPU
		{51308B54-2055-4470-8F96-439A5A252495}.Release|Any CPU.ActiveCfg = Release|Any CPU
		{51308B54-2055-4470-8F96-439A5A252495}.Release|Any CPU.Build.0 = Release|Any CPU
		{01F3EA5E-7936-4336-8C2A-C617DAA4C3AA}.Debug|Any CPU.ActiveCfg = Debug|Any CPU
		{01F3EA5E-7936-4336-8C2A-C617DAA4C3AA}.Debug|Any CPU.Build.0 = Debug|Any CPU
		{01F3EA5E-7936-4336-8C2A-C617DAA4C3AA}.Release|Any CPU.ActiveCfg = Release|Any CPU
		{01F3EA5E-7936-4336-8C2A-C617DAA4C3AA}.Release|Any CPU.Build.0 = Release|Any CPU
	EndGlobalSection
	GlobalSection(SolutionProperties) = preSolution
		HideSolutionNode = FALSE
	EndGlobalSection
	GlobalSection(ExtensibilityGlobals) = postSolution
		SolutionGuid = {4E60D411-F0D3-4430-BD2D-0B5E1F9F9691}
	EndGlobalSection
EndGlobal
